
Microsoft Visual Studio Solution File, Format Version 12.00
# Visual Studio Version 16
VisualStudioVersion = 16.0.31424.327
MinimumVisualStudioVersion = 10.0.40219.1
Project("{FAE04EC0-301F-11D3-BF4B-00C04F79EFBC}") = "game mod loader", "game mod loader\game mod loader.csproj", "{D792648F-8660-4F5D-B676-3452CECA46B6}"
EndProject
Global
	GlobalSection(SolutionConfigurationPlatforms) = preSolution
		Debug|Any CPU = Debug|Any CPU
		Release|Any CPU = Release|Any CPU
	EndGlobalSection
	GlobalSection(ProjectConfigurationPlatforms) = postSolution
		{D792648F-8660-4F5D-B676-3452CECA46B6}.Debug|Any CPU.ActiveCfg = Debug|Any CPU
		{D792648F-8660-4F5D-B676-3452CECA46B6}.Debug|Any CPU.Build.0 = Debug|Any CPU
		{D792648F-8660-4F5D-B676-3452CECA46B6}.Release|Any CPU.ActiveCfg = Release|Any CPU
		{D792648F-8660-4F5D-B676-3452CECA46B6}.Release|Any CPU.Build.0 = Release|Any CPU
	EndGlobalSection
	GlobalSection(SolutionProperties) = preSolution
		HideSolutionNode = FALSE
	EndGlobalSection
	GlobalSection(ExtensibilityGlobals) = postSolution
		SolutionGuid = {9FA8A946-16F1-4DD8-B836-6483EC0C4BFE}
	EndGlobalSection
EndGlobal
